
Microsoft Visual Studio Solution File, Format Version 12.00
# Visual Studio 15
VisualStudioVersion = 15.0.27703.2018
MinimumVisualStudioVersion = 10.0.40219.1
Project("{9A19103F-16F7-4668-BE54-9A1E7A4F7556}") = "libsupcs", "..\tysila\libsupcs\libsupcs.csproj", "{566AA7AB-C8B8-417C-B16E-08C7D359CBB1}"
EndProject
Project("{9A19103F-16F7-4668-BE54-9A1E7A4F7556}") = "metadata", "..\tysila\metadata\metadata.csproj", "{577C93B9-ACD1-4EC2-83F5-C0FF3246FEBA}"
EndProject
Project("{9A19103F-16F7-4668-BE54-9A1E7A4F7556}") = "libtysila5", "..\tysila\libtysila5\libtysila5.csproj", "{82697295-1AFF-4174-97BC-6562732305F3}"
EndProject
Project("{2150E333-8FDC-42A3-9474-1A3956D46DE8}") = "processes", "processes", "{E4A55D97-10FA-4DBB-8AD2-13838EAB49FE}"
EndProject
Project("{2150E333-8FDC-42A3-9474-1A3956D46DE8}") = "drivers", "drivers", "{38300940-B37E-4FA5-ACD7-1AA191A9E629}"
EndProject
Project("{2150E333-8FDC-42A3-9474-1A3956D46DE8}") = "services", "services", "{6BF25313-6A5C-4B26-A3C1-AFFC6B498992}"
EndProject
Project("{2150E333-8FDC-42A3-9474-1A3956D46DE8}") = "testsuite", "testsuite", "{6A8051E7-80C1-4087-8916-D3E5E6009705}"
EndProject
Project("{9A19103F-16F7-4668-BE54-9A1E7A4F7556}") = "acpipc", "..\processes\drivers\acpipc\acpipc.csproj", "{6F2EA8EA-6505-4825-8155-573C2C621EAA}"
EndProject
Project("{9A19103F-16F7-4668-BE54-9A1E7A4F7556}") = "ata", "..\processes\drivers\ata\ata.csproj", "{330493D1-054B-44BE-AADA-4236290D4FBF}"
EndProject
Project("{9A19103F-16F7-4668-BE54-9A1E7A4F7556}") = "bga", "..\processes\drivers\bga\bga.csproj", "{5D1F5B8D-CADE-4579-8C85-D1E866811684}"
EndProject
Project("{9A19103F-16F7-4668-BE54-9A1E7A4F7556}") = "disk", "..\processes\drivers\disk\disk.csproj", "{F2908F7F-6573-4F06-80EE-3D932AE6DD23}"
EndProject
Project("{9A19103F-16F7-4668-BE54-9A1E7A4F7556}") = "framebuffer", "..\processes\drivers\framebuffer\framebuffer.csproj", "{397B00E7-CF29-40A0-904A-20AF5E6C9599}"
EndProject
Project("{9A19103F-16F7-4668-BE54-9A1E7A4F7556}") = "modfs", "..\processes\drivers\modfs\modfs.csproj", "{A7860799-7290-48CE-B16E-93820BB2640C}"
EndProject
Project("{9A19103F-16F7-4668-BE54-9A1E7A4F7556}") = "pci", "..\processes\drivers\pci\pci.csproj", "{4C1B5997-125E-49B7-9AE3-55D9D012901B}"
EndProject
Project("{9A19103F-16F7-4668-BE54-9A1E7A4F7556}") = "pciide", "..\processes\drivers\pciide\pciide.csproj", "{C0E11AA3-7AC2-4126-88A6-B8118E920E59}"
EndProject
Project("{9A19103F-16F7-4668-BE54-9A1E7A4F7556}") = "pcnet32", "..\processes\drivers\pcnet32\pcnet32.csproj", "{78202881-4562-4221-A5A0-04C8DFA20D93}"
EndProject
Project("{9A19103F-16F7-4668-BE54-9A1E7A4F7556}") = "Gui", "..\processes\services\Gui\Gui.csproj", "{C2C862E6-85AB-44BE-B336-873052EAFB7B}"
EndProject
Project("{9A19103F-16F7-4668-BE54-9A1E7A4F7556}") = "logger", "..\processes\services\logger\logger.csproj", "{29D2A95D-9E39-46BA-B711-C9248D916689}"
EndProject
Project("{9A19103F-16F7-4668-BE54-9A1E7A4F7556}") = "net", "..\processes\services\net\net.csproj", "{F690B7F4-961C-4F4D-82ED-85500A0B7C9C}"
EndProject
Project("{9A19103F-16F7-4668-BE54-9A1E7A4F7556}") = "vfs", "..\processes\services\vfs\vfs.csproj", "{47EAD363-6C7F-48A4-B119-357740437369}"
EndProject
Project("{9A19103F-16F7-4668-BE54-9A1E7A4F7556}") = "binary_library", "..\tysila\binary_library\binary_library\binary_library.csproj", "{AE2CD66A-12AC-4991-A3CA-B5FC7BB5AF28}"
EndProject
Project("{9A19103F-16F7-4668-BE54-9A1E7A4F7556}") = "tysos", "tysos.csproj", "{97AD573F-2E77-4F43-9C2B-1050796471A9}"
EndProject
Global
	GlobalSection(SolutionConfigurationPlatforms) = preSolution
		Compile BareBones|Any CPU = Compile BareBones|Any CPU
		Compile BareBones|x86 = Compile BareBones|x86
		Compile libsupcs|Any CPU = Compile libsupcs|Any CPU
		Compile libsupcs|x86 = Compile libsupcs|x86
		Compile libtysila|Any CPU = Compile libtysila|Any CPU
		Compile libtysila|x86 = Compile libtysila|x86
		Debug|Any CPU = Debug|Any CPU
		Debug|x86 = Debug|x86
		Release|Any CPU = Release|Any CPU
		Release|x86 = Release|x86
	EndGlobalSection
	GlobalSection(ProjectConfigurationPlatforms) = postSolution
		{566AA7AB-C8B8-417C-B16E-08C7D359CBB1}.Compile BareBones|Any CPU.ActiveCfg = Release|Any CPU
		{566AA7AB-C8B8-417C-B16E-08C7D359CBB1}.Compile BareBones|Any CPU.Build.0 = Release|Any CPU
		{566AA7AB-C8B8-417C-B16E-08C7D359CBB1}.Compile BareBones|x86.ActiveCfg = Release|Any CPU
		{566AA7AB-C8B8-417C-B16E-08C7D359CBB1}.Compile BareBones|x86.Build.0 = Release|Any CPU
		{566AA7AB-C8B8-417C-B16E-08C7D359CBB1}.Compile libsupcs|Any CPU.ActiveCfg = Release|Any CPU
		{566AA7AB-C8B8-417C-B16E-08C7D359CBB1}.Compile libsupcs|Any CPU.Build.0 = Release|Any CPU
		{566AA7AB-C8B8-417C-B16E-08C7D359CBB1}.Compile libsupcs|x86.ActiveCfg = Release|Any CPU
		{566AA7AB-C8B8-417C-B16E-08C7D359CBB1}.Compile libsupcs|x86.Build.0 = Release|Any CPU
		{566AA7AB-C8B8-417C-B16E-08C7D359CBB1}.Compile libtysila|Any CPU.ActiveCfg = Release|Any CPU
		{566AA7AB-C8B8-417C-B16E-08C7D359CBB1}.Compile libtysila|Any CPU.Build.0 = Release|Any CPU
		{566AA7AB-C8B8-417C-B16E-08C7D359CBB1}.Compile libtysila|x86.ActiveCfg = Release|Any CPU
		{566AA7AB-C8B8-417C-B16E-08C7D359CBB1}.Compile libtysila|x86.Build.0 = Release|Any CPU
		{566AA7AB-C8B8-417C-B16E-08C7D359CBB1}.Debug|Any CPU.ActiveCfg = Debug|Any CPU
		{566AA7AB-C8B8-417C-B16E-08C7D359CBB1}.Debug|Any CPU.Build.0 = Debug|Any CPU
		{566AA7AB-C8B8-417C-B16E-08C7D359CBB1}.Debug|x86.ActiveCfg = Debug|Any CPU
		{566AA7AB-C8B8-417C-B16E-08C7D359CBB1}.Debug|x86.Build.0 = Debug|Any CPU
		{566AA7AB-C8B8-417C-B16E-08C7D359CBB1}.Release|Any CPU.ActiveCfg = Release|Any CPU
		{566AA7AB-C8B8-417C-B16E-08C7D359CBB1}.Release|Any CPU.Build.0 = Release|Any CPU
		{566AA7AB-C8B8-417C-B16E-08C7D359CBB1}.Release|x86.ActiveCfg = Release|Any CPU
		{566AA7AB-C8B8-417C-B16E-08C7D359CBB1}.Release|x86.Build.0 = Release|Any CPU
		{577C93B9-ACD1-4EC2-83F5-C0FF3246FEBA}.Compile BareBones|Any CPU.ActiveCfg = Release|Any CPU
		{577C93B9-ACD1-4EC2-83F5-C0FF3246FEBA}.Compile BareBones|Any CPU.Build.0 = Release|Any CPU
		{577C93B9-ACD1-4EC2-83F5-C0FF3246FEBA}.Compile BareBones|x86.ActiveCfg = Release|Any CPU
		{577C93B9-ACD1-4EC2-83F5-C0FF3246FEBA}.Compile BareBones|x86.Build.0 = Release|Any CPU
		{577C93B9-ACD1-4EC2-83F5-C0FF3246FEBA}.Compile libsupcs|Any CPU.ActiveCfg = Release|Any CPU
		{577C93B9-ACD1-4EC2-83F5-C0FF3246FEBA}.Compile libsupcs|Any CPU.Build.0 = Release|Any CPU
		{577C93B9-ACD1-4EC2-83F5-C0FF3246FEBA}.Compile libsupcs|x86.ActiveCfg = Release|Any CPU
		{577C93B9-ACD1-4EC2-83F5-C0FF3246FEBA}.Compile libsupcs|x86.Build.0 = Release|Any CPU
		{577C93B9-ACD1-4EC2-83F5-C0FF3246FEBA}.Compile libtysila|Any CPU.ActiveCfg = Release|Any CPU
		{577C93B9-ACD1-4EC2-83F5-C0FF3246FEBA}.Compile libtysila|Any CPU.Build.0 = Release|Any CPU
		{577C93B9-ACD1-4EC2-83F5-C0FF3246FEBA}.Compile libtysila|x86.ActiveCfg = Release|Any CPU
		{577C93B9-ACD1-4EC2-83F5-C0FF3246FEBA}.Compile libtysila|x86.Build.0 = Release|Any CPU
		{577C93B9-ACD1-4EC2-83F5-C0FF3246FEBA}.Debug|Any CPU.ActiveCfg = Debug|Any CPU
		{577C93B9-ACD1-4EC2-83F5-C0FF3246FEBA}.Debug|Any CPU.Build.0 = Debug|Any CPU
		{577C93B9-ACD1-4EC2-83F5-C0FF3246FEBA}.Debug|x86.ActiveCfg = Debug|Any CPU
		{577C93B9-ACD1-4EC2-83F5-C0FF3246FEBA}.Debug|x86.Build.0 = Debug|Any CPU
		{577C93B9-ACD1-4EC2-83F5-C0FF3246FEBA}.Release|Any CPU.ActiveCfg = Release|Any CPU
		{577C93B9-ACD1-4EC2-83F5-C0FF3246FEBA}.Release|Any CPU.Build.0 = Release|Any CPU
		{577C93B9-ACD1-4EC2-83F5-C0FF3246FEBA}.Release|x86.ActiveCfg = Release|Any CPU
		{577C93B9-ACD1-4EC2-83F5-C0FF3246FEBA}.Release|x86.Build.0 = Release|Any CPU
		{82697295-1AFF-4174-97BC-6562732305F3}.Compile BareBones|Any CPU.ActiveCfg = Release|Any CPU
		{82697295-1AFF-4174-97BC-6562732305F3}.Compile BareBones|Any CPU.Build.0 = Release|Any CPU
		{82697295-1AFF-4174-97BC-6562732305F3}.Compile BareBones|x86.ActiveCfg = Release|Any CPU
		{82697295-1AFF-4174-97BC-6562732305F3}.Compile BareBones|x86.Build.0 = Release|Any CPU
		{82697295-1AFF-4174-97BC-6562732305F3}.Compile libsupcs|Any CPU.ActiveCfg = Release|Any CPU
		{82697295-1AFF-4174-97BC-6562732305F3}.Compile libsupcs|Any CPU.Build.0 = Release|Any CPU
		{82697295-1AFF-4174-97BC-6562732305F3}.Compile libsupcs|x86.ActiveCfg = Release|Any CPU
		{82697295-1AFF-4174-97BC-6562732305F3}.Compile libsupcs|x86.Build.0 = Release|Any CPU
		{82697295-1AFF-4174-97BC-6562732305F3}.Compile libtysila|Any CPU.ActiveCfg = Release|Any CPU
		{82697295-1AFF-4174-97BC-6562732305F3}.Compile libtysila|Any CPU.Build.0 = Release|Any CPU
		{82697295-1AFF-4174-97BC-6562732305F3}.Compile libtysila|x86.ActiveCfg = Release|Any CPU
		{82697295-1AFF-4174-97BC-6562732305F3}.Compile libtysila|x86.Build.0 = Release|Any CPU
		{82697295-1AFF-4174-97BC-6562732305F3}.Debug|Any CPU.ActiveCfg = Debug|Any CPU
		{82697295-1AFF-4174-97BC-6562732305F3}.Debug|Any CPU.Build.0 = Debug|Any CPU
		{82697295-1AFF-4174-97BC-6562732305F3}.Debug|x86.ActiveCfg = Debug|Any CPU
		{82697295-1AFF-4174-97BC-6562732305F3}.Debug|x86.Build.0 = Debug|Any CPU
		{82697295-1AFF-4174-97BC-6562732305F3}.Release|Any CPU.ActiveCfg = Release|Any CPU
		{82697295-1AFF-4174-97BC-6562732305F3}.Release|Any CPU.Build.0 = Release|Any CPU
		{82697295-1AFF-4174-97BC-6562732305F3}.Release|x86.ActiveCfg = Release|Any CPU
		{82697295-1AFF-4174-97BC-6562732305F3}.Release|x86.Build.0 = Release|Any CPU
		{6F2EA8EA-6505-4825-8155-573C2C621EAA}.Compile BareBones|Any CPU.ActiveCfg = Release|Any CPU
		{6F2EA8EA-6505-4825-8155-573C2C621EAA}.Compile BareBones|Any CPU.Build.0 = Release|Any CPU
		{6F2EA8EA-6505-4825-8155-573C2C621EAA}.Compile BareBones|x86.ActiveCfg = Release|Any CPU
		{6F2EA8EA-6505-4825-8155-573C2C621EAA}.Compile BareBones|x86.Build.0 = Release|Any CPU
		{6F2EA8EA-6505-4825-8155-573C2C621EAA}.Compile libsupcs|Any CPU.ActiveCfg = Release|Any CPU
		{6F2EA8EA-6505-4825-8155-573C2C621EAA}.Compile libsupcs|Any CPU.Build.0 = Release|Any CPU
		{6F2EA8EA-6505-4825-8155-573C2C621EAA}.Compile libsupcs|x86.ActiveCfg = Release|Any CPU
		{6F2EA8EA-6505-4825-8155-573C2C621EAA}.Compile libsupcs|x86.Build.0 = Release|Any CPU
		{6F2EA8EA-6505-4825-8155-573C2C621EAA}.Compile libtysila|Any CPU.ActiveCfg = Release|Any CPU
		{6F2EA8EA-6505-4825-8155-573C2C621EAA}.Compile libtysila|Any CPU.Build.0 = Release|Any CPU
		{6F2EA8EA-6505-4825-8155-573C2C621EAA}.Compile libtysila|x86.ActiveCfg = Release|Any CPU
		{6F2EA8EA-6505-4825-8155-573C2C621EAA}.Compile libtysila|x86.Build.0 = Release|Any CPU
		{6F2EA8EA-6505-4825-8155-573C2C621EAA}.Debug|Any CPU.ActiveCfg = Debug|Any CPU
		{6F2EA8EA-6505-4825-8155-573C2C621EAA}.Debug|Any CPU.Build.0 = Debug|Any CPU
		{6F2EA8EA-6505-4825-8155-573C2C621EAA}.Debug|x86.ActiveCfg = Debug|Any CPU
		{6F2EA8EA-6505-4825-8155-573C2C621EAA}.Debug|x86.Build.0 = Debug|Any CPU
		{6F2EA8EA-6505-4825-8155-573C2C621EAA}.Release|Any CPU.ActiveCfg = Release|Any CPU
		{6F2EA8EA-6505-4825-8155-573C2C621EAA}.Release|Any CPU.Build.0 = Release|Any CPU
		{6F2EA8EA-6505-4825-8155-573C2C621EAA}.Release|x86.ActiveCfg = Release|Any CPU
		{6F2EA8EA-6505-4825-8155-573C2C621EAA}.Release|x86.Build.0 = Release|Any CPU
		{330493D1-054B-44BE-AADA-4236290D4FBF}.Compile BareBones|Any CPU.ActiveCfg = Release|Any CPU
		{330493D1-054B-44BE-AADA-4236290D4FBF}.Compile BareBones|Any CPU.Build.0 = Release|Any CPU
		{330493D1-054B-44BE-AADA-4236290D4FBF}.Compile BareBones|x86.ActiveCfg = Release|Any CPU
		{330493D1-054B-44BE-AADA-4236290D4FBF}.Compile BareBones|x86.Build.0 = Release|Any CPU
		{330493D1-054B-44BE-AADA-4236290D4FBF}.Compile libsupcs|Any CPU.ActiveCfg = Release|Any CPU
		{330493D1-054B-44BE-AADA-4236290D4FBF}.Compile libsupcs|Any CPU.Build.0 = Release|Any CPU
		{330493D1-054B-44BE-AADA-4236290D4FBF}.Compile libsupcs|x86.ActiveCfg = Release|Any CPU
		{330493D1-054B-44BE-AADA-4236290D4FBF}.Compile libsupcs|x86.Build.0 = Release|Any CPU
		{330493D1-054B-44BE-AADA-4236290D4FBF}.Compile libtysila|Any CPU.ActiveCfg = Release|Any CPU
		{330493D1-054B-44BE-AADA-4236290D4FBF}.Compile libtysila|Any CPU.Build.0 = Release|Any CPU
		{330493D1-054B-44BE-AADA-4236290D4FBF}.Compile libtysila|x86.ActiveCfg = Release|Any CPU
		{330493D1-054B-44BE-AADA-4236290D4FBF}.Compile libtysila|x86.Build.0 = Release|Any CPU
		{330493D1-054B-44BE-AADA-4236290D4FBF}.Debug|Any CPU.ActiveCfg = Debug|Any CPU
		{330493D1-054B-44BE-AADA-4236290D4FBF}.Debug|Any CPU.Build.0 = Debug|Any CPU
		{330493D1-054B-44BE-AADA-4236290D4FBF}.Debug|x86.ActiveCfg = Debug|Any CPU
		{330493D1-054B-44BE-AADA-4236290D4FBF}.Debug|x86.Build.0 = Debug|Any CPU
		{330493D1-054B-44BE-AADA-4236290D4FBF}.Release|Any CPU.ActiveCfg = Release|Any CPU
		{330493D1-054B-44BE-AADA-4236290D4FBF}.Release|Any CPU.Build.0 = Release|Any CPU
		{330493D1-054B-44BE-AADA-4236290D4FBF}.Release|x86.ActiveCfg = Release|Any CPU
		{330493D1-054B-44BE-AADA-4236290D4FBF}.Release|x86.Build.0 = Release|Any CPU
		{5D1F5B8D-CADE-4579-8C85-D1E866811684}.Compile BareBones|Any CPU.ActiveCfg = Release|Any CPU
		{5D1F5B8D-CADE-4579-8C85-D1E866811684}.Compile BareBones|Any CPU.Build.0 = Release|Any CPU
		{5D1F5B8D-CADE-4579-8C85-D1E866811684}.Compile BareBones|x86.ActiveCfg = Release|Any CPU
		{5D1F5B8D-CADE-4579-8C85-D1E866811684}.Compile BareBones|x86.Build.0 = Release|Any CPU
		{5D1F5B8D-CADE-4579-8C85-D1E866811684}.Compile libsupcs|Any CPU.ActiveCfg = Release|Any CPU
		{5D1F5B8D-CADE-4579-8C85-D1E866811684}.Compile libsupcs|Any CPU.Build.0 = Release|Any CPU
		{5D1F5B8D-CADE-4579-8C85-D1E866811684}.Compile libsupcs|x86.ActiveCfg = Release|Any CPU
		{5D1F5B8D-CADE-4579-8C85-D1E866811684}.Compile libsupcs|x86.Build.0 = Release|Any CPU
		{5D1F5B8D-CADE-4579-8C85-D1E866811684}.Compile libtysila|Any CPU.ActiveCfg = Release|Any CPU
		{5D1F5B8D-CADE-4579-8C85-D1E866811684}.Compile libtysila|Any CPU.Build.0 = Release|Any CPU
		{5D1F5B8D-CADE-4579-8C85-D1E866811684}.Compile libtysila|x86.ActiveCfg = Release|Any CPU
		{5D1F5B8D-CADE-4579-8C85-D1E866811684}.Compile libtysila|x86.Build.0 = Release|Any CPU
		{5D1F5B8D-CADE-4579-8C85-D1E866811684}.Debug|Any CPU.ActiveCfg = Debug|Any CPU
		{5D1F5B8D-CADE-4579-8C85-D1E866811684}.Debug|Any CPU.Build.0 = Debug|Any CPU
		{5D1F5B8D-CADE-4579-8C85-D1E866811684}.Debug|x86.ActiveCfg = Debug|Any CPU
		{5D1F5B8D-CADE-4579-8C85-D1E866811684}.Debug|x86.Build.0 = Debug|Any CPU
		{5D1F5B8D-CADE-4579-8C85-D1E866811684}.Release|Any CPU.ActiveCfg = Release|Any CPU
		{5D1F5B8D-CADE-4579-8C85-D1E866811684}.Release|Any CPU.Build.0 = Release|Any CPU
		{5D1F5B8D-CADE-4579-8C85-D1E866811684}.Release|x86.ActiveCfg = Release|Any CPU
		{5D1F5B8D-CADE-4579-8C85-D1E866811684}.Release|x86.Build.0 = Release|Any CPU
		{F2908F7F-6573-4F06-80EE-3D932AE6DD23}.Compile BareBones|Any CPU.ActiveCfg = Release|Any CPU
		{F2908F7F-6573-4F06-80EE-3D932AE6DD23}.Compile BareBones|Any CPU.Build.0 = Release|Any CPU
		{F2908F7F-6573-4F06-80EE-3D932AE6DD23}.Compile BareBones|x86.ActiveCfg = Release|Any CPU
		{F2908F7F-6573-4F06-80EE-3D932AE6DD23}.Compile BareBones|x86.Build.0 = Release|Any CPU
		{F2908F7F-6573-4F06-80EE-3D932AE6DD23}.Compile libsupcs|Any CPU.ActiveCfg = Release|Any CPU
		{F2908F7F-6573-4F06-80EE-3D932AE6DD23}.Compile libsupcs|Any CPU.Build.0 = Release|Any CPU
		{F2908F7F-6573-4F06-80EE-3D932AE6DD23}.Compile libsupcs|x86.ActiveCfg = Release|Any CPU
		{F2908F7F-6573-4F06-80EE-3D932AE6DD23}.Compile libsupcs|x86.Build.0 = Release|Any CPU
		{F2908F7F-6573-4F06-80EE-3D932AE6DD23}.Compile libtysila|Any CPU.ActiveCfg = Release|Any CPU
		{F2908F7F-6573-4F06-80EE-3D932AE6DD23}.Compile libtysila|Any CPU.Build.0 = Release|Any CPU
		{F2908F7F-6573-4F06-80EE-3D932AE6DD23}.Compile libtysila|x86.ActiveCfg = Release|Any CPU
		{F2908F7F-6573-4F06-80EE-3D932AE6DD23}.Compile libtysila|x86.Build.0 = Release|Any CPU
		{F2908F7F-6573-4F06-80EE-3D932AE6DD23}.Debug|Any CPU.ActiveCfg = Debug|Any CPU
		{F2908F7F-6573-4F06-80EE-3D932AE6DD23}.Debug|Any CPU.Build.0 = Debug|Any CPU
		{F2908F7F-6573-4F06-80EE-3D932AE6DD23}.Debug|x86.ActiveCfg = Debug|Any CPU
		{F2908F7F-6573-4F06-80EE-3D932AE6DD23}.Debug|x86.Build.0 = Debug|Any CPU
		{F2908F7F-6573-4F06-80EE-3D932AE6DD23}.Release|Any CPU.ActiveCfg = Release|Any CPU
		{F2908F7F-6573-4F06-80EE-3D932AE6DD23}.Release|Any CPU.Build.0 = Release|Any CPU
		{F2908F7F-6573-4F06-80EE-3D932AE6DD23}.Release|x86.ActiveCfg = Release|Any CPU
		{F2908F7F-6573-4F06-80EE-3D932AE6DD23}.Release|x86.Build.0 = Release|Any CPU
		{397B00E7-CF29-40A0-904A-20AF5E6C9599}.Compile BareBones|Any CPU.ActiveCfg = Release|Any CPU
		{397B00E7-CF29-40A0-904A-20AF5E6C9599}.Compile BareBones|Any CPU.Build.0 = Release|Any CPU
		{397B00E7-CF29-40A0-904A-20AF5E6C9599}.Compile BareBones|x86.ActiveCfg = Release|Any CPU
		{397B00E7-CF29-40A0-904A-20AF5E6C9599}.Compile BareBones|x86.Build.0 = Release|Any CPU
		{397B00E7-CF29-40A0-904A-20AF5E6C9599}.Compile libsupcs|Any CPU.ActiveCfg = Release|Any CPU
		{397B00E7-CF29-40A0-904A-20AF5E6C9599}.Compile libsupcs|Any CPU.Build.0 = Release|Any CPU
		{397B00E7-CF29-40A0-904A-20AF5E6C9599}.Compile libsupcs|x86.ActiveCfg = Release|Any CPU
		{397B00E7-CF29-40A0-904A-20AF5E6C9599}.Compile libsupcs|x86.Build.0 = Release|Any CPU
		{397B00E7-CF29-40A0-904A-20AF5E6C9599}.Compile libtysila|Any CPU.ActiveCfg = Release|Any CPU
		{397B00E7-CF29-40A0-904A-20AF5E6C9599}.Compile libtysila|Any CPU.Build.0 = Release|Any CPU
		{397B00E7-CF29-40A0-904A-20AF5E6C9599}.Compile libtysila|x86.ActiveCfg = Release|Any CPU
		{397B00E7-CF29-40A0-904A-20AF5E6C9599}.Compile libtysila|x86.Build.0 = Release|Any CPU
		{397B00E7-CF29-40A0-904A-20AF5E6C9599}.Debug|Any CPU.ActiveCfg = Debug|Any CPU
		{397B00E7-CF29-40A0-904A-20AF5E6C9599}.Debug|Any CPU.Build.0 = Debug|Any CPU
		{397B00E7-CF29-40A0-904A-20AF5E6C9599}.Debug|x86.ActiveCfg = Debug|Any CPU
		{397B00E7-CF29-40A0-904A-20AF5E6C9599}.Debug|x86.Build.0 = Debug|Any CPU
		{397B00E7-CF29-40A0-904A-20AF5E6C9599}.Release|Any CPU.ActiveCfg = Release|Any CPU
		{397B00E7-CF29-40A0-904A-20AF5E6C9599}.Release|Any CPU.Build.0 = Release|Any CPU
		{397B00E7-CF29-40A0-904A-20AF5E6C9599}.Release|x86.ActiveCfg = Release|Any CPU
		{397B00E7-CF29-40A0-904A-20AF5E6C9599}.Release|x86.Build.0 = Release|Any CPU
		{A7860799-7290-48CE-B16E-93820BB2640C}.Compile BareBones|Any CPU.ActiveCfg = Release|Any CPU
		{A7860799-7290-48CE-B16E-93820BB2640C}.Compile BareBones|Any CPU.Build.0 = Release|Any CPU
		{A7860799-7290-48CE-B16E-93820BB2640C}.Compile BareBones|x86.ActiveCfg = Release|Any CPU
		{A7860799-7290-48CE-B16E-93820BB2640C}.Compile BareBones|x86.Build.0 = Release|Any CPU
		{A7860799-7290-48CE-B16E-93820BB2640C}.Compile libsupcs|Any CPU.ActiveCfg = Release|Any CPU
		{A7860799-7290-48CE-B16E-93820BB2640C}.Compile libsupcs|Any CPU.Build.0 = Release|Any CPU
		{A7860799-7290-48CE-B16E-93820BB2640C}.Compile libsupcs|x86.ActiveCfg = Release|Any CPU
		{A7860799-7290-48CE-B16E-93820BB2640C}.Compile libsupcs|x86.Build.0 = Release|Any CPU
		{A7860799-7290-48CE-B16E-93820BB2640C}.Compile libtysila|Any CPU.ActiveCfg = Release|Any CPU
		{A7860799-7290-48CE-B16E-93820BB2640C}.Compile libtysila|Any CPU.Build.0 = Release|Any CPU
		{A7860799-7290-48CE-B16E-93820BB2640C}.Compile libtysila|x86.ActiveCfg = Release|Any CPU
		{A7860799-7290-48CE-B16E-93820BB2640C}.Compile libtysila|x86.Build.0 = Release|Any CPU
		{A7860799-7290-48CE-B16E-93820BB2640C}.Debug|Any CPU.ActiveCfg = Debug|Any CPU
		{A7860799-7290-48CE-B16E-93820BB2640C}.Debug|Any CPU.Build.0 = Debug|Any CPU
		{A7860799-7290-48CE-B16E-93820BB2640C}.Debug|x86.ActiveCfg = Debug|Any CPU
		{A7860799-7290-48CE-B16E-93820BB2640C}.Debug|x86.Build.0 = Debug|Any CPU
		{A7860799-7290-48CE-B16E-93820BB2640C}.Release|Any CPU.ActiveCfg = Release|Any CPU
		{A7860799-7290-48CE-B16E-93820BB2640C}.Release|Any CPU.Build.0 = Release|Any CPU
		{A7860799-7290-48CE-B16E-93820BB2640C}.Release|x86.ActiveCfg = Release|Any CPU
		{A7860799-7290-48CE-B16E-93820BB2640C}.Release|x86.Build.0 = Release|Any CPU
		{4C1B5997-125E-49B7-9AE3-55D9D012901B}.Compile BareBones|Any CPU.ActiveCfg = Release|Any CPU
		{4C1B5997-125E-49B7-9AE3-55D9D012901B}.Compile BareBones|Any CPU.Build.0 = Release|Any CPU
		{4C1B5997-125E-49B7-9AE3-55D9D012901B}.Compile BareBones|x86.ActiveCfg = Release|Any CPU
		{4C1B5997-125E-49B7-9AE3-55D9D012901B}.Compile BareBones|x86.Build.0 = Release|Any CPU
		{4C1B5997-125E-49B7-9AE3-55D9D012901B}.Compile libsupcs|Any CPU.ActiveCfg = Release|Any CPU
		{4C1B5997-125E-49B7-9AE3-55D9D012901B}.Compile libsupcs|Any CPU.Build.0 = Release|Any CPU
		{4C1B5997-125E-49B7-9AE3-55D9D012901B}.Compile libsupcs|x86.ActiveCfg = Release|Any CPU
		{4C1B5997-125E-49B7-9AE3-55D9D012901B}.Compile libsupcs|x86.Build.0 = Release|Any CPU
		{4C1B5997-125E-49B7-9AE3-55D9D012901B}.Compile libtysila|Any CPU.ActiveCfg = Release|Any CPU
		{4C1B5997-125E-49B7-9AE3-55D9D012901B}.Compile libtysila|Any CPU.Build.0 = Release|Any CPU
		{4C1B5997-125E-49B7-9AE3-55D9D012901B}.Compile libtysila|x86.ActiveCfg = Release|Any CPU
		{4C1B5997-125E-49B7-9AE3-55D9D012901B}.Compile libtysila|x86.Build.0 = Release|Any CPU
		{4C1B5997-125E-49B7-9AE3-55D9D012901B}.Debug|Any CPU.ActiveCfg = Debug|Any CPU
		{4C1B5997-125E-49B7-9AE3-55D9D012901B}.Debug|Any CPU.Build.0 = Debug|Any CPU
		{4C1B5997-125E-49B7-9AE3-55D9D012901B}.Debug|x86.ActiveCfg = Debug|Any CPU
		{4C1B5997-125E-49B7-9AE3-55D9D012901B}.Debug|x86.Build.0 = Debug|Any CPU
		{4C1B5997-125E-49B7-9AE3-55D9D012901B}.Release|Any CPU.ActiveCfg = Release|Any CPU
		{4C1B5997-125E-49B7-9AE3-55D9D012901B}.Release|Any CPU.Build.0 = Release|Any CPU
		{4C1B5997-125E-49B7-9AE3-55D9D012901B}.Release|x86.ActiveCfg = Release|Any CPU
		{4C1B5997-125E-49B7-9AE3-55D9D012901B}.Release|x86.Build.0 = Release|Any CPU
		{C0E11AA3-7AC2-4126-88A6-B8118E920E59}.Compile BareBones|Any CPU.ActiveCfg = Release|Any CPU
		{C0E11AA3-7AC2-4126-88A6-B8118E920E59}.Compile BareBones|Any CPU.Build.0 = Release|Any CPU
		{C0E11AA3-7AC2-4126-88A6-B8118E920E59}.Compile BareBones|x86.ActiveCfg = Release|Any CPU
		{C0E11AA3-7AC2-4126-88A6-B8118E920E59}.Compile BareBones|x86.Build.0 = Release|Any CPU
		{C0E11AA3-7AC2-4126-88A6-B8118E920E59}.Compile libsupcs|Any CPU.ActiveCfg = Release|Any CPU
		{C0E11AA3-7AC2-4126-88A6-B8118E920E59}.Compile libsupcs|Any CPU.Build.0 = Release|Any CPU
		{C0E11AA3-7AC2-4126-88A6-B8118E920E59}.Compile libsupcs|x86.ActiveCfg = Release|Any CPU
		{C0E11AA3-7AC2-4126-88A6-B8118E920E59}.Compile libsupcs|x86.Build.0 = Release|Any CPU
		{C0E11AA3-7AC2-4126-88A6-B8118E920E59}.Compile libtysila|Any CPU.ActiveCfg = Release|Any CPU
		{C0E11AA3-7AC2-4126-88A6-B8118E920E59}.Compile libtysila|Any CPU.Build.0 = Release|Any CPU
		{C0E11AA3-7AC2-4126-88A6-B8118E920E59}.Compile libtysila|x86.ActiveCfg = Release|Any CPU
		{C0E11AA3-7AC2-4126-88A6-B8118E920E59}.Compile libtysila|x86.Build.0 = Release|Any CPU
		{C0E11AA3-7AC2-4126-88A6-B8118E920E59}.Debug|Any CPU.ActiveCfg = Debug|Any CPU
		{C0E11AA3-7AC2-4126-88A6-B8118E920E59}.Debug|Any CPU.Build.0 = Debug|Any CPU
		{C0E11AA3-7AC2-4126-88A6-B8118E920E59}.Debug|x86.ActiveCfg = Debug|Any CPU
		{C0E11AA3-7AC2-4126-88A6-B8118E920E59}.Debug|x86.Build.0 = Debug|Any CPU
		{C0E11AA3-7AC2-4126-88A6-B8118E920E59}.Release|Any CPU.ActiveCfg = Release|Any CPU
		{C0E11AA3-7AC2-4126-88A6-B8118E920E59}.Release|Any CPU.Build.0 = Release|Any CPU
		{C0E11AA3-7AC2-4126-88A6-B8118E920E59}.Release|x86.ActiveCfg = Release|Any CPU
		{C0E11AA3-7AC2-4126-88A6-B8118E920E59}.Release|x86.Build.0 = Release|Any CPU
		{78202881-4562-4221-A5A0-04C8DFA20D93}.Compile BareBones|Any CPU.ActiveCfg = Release|Any CPU
		{78202881-4562-4221-A5A0-04C8DFA20D93}.Compile BareBones|Any CPU.Build.0 = Release|Any CPU
		{78202881-4562-4221-A5A0-04C8DFA20D93}.Compile BareBones|x86.ActiveCfg = Release|Any CPU
		{78202881-4562-4221-A5A0-04C8DFA20D93}.Compile BareBones|x86.Build.0 = Release|Any CPU
		{78202881-4562-4221-A5A0-04C8DFA20D93}.Compile libsupcs|Any CPU.ActiveCfg = Release|Any CPU
		{78202881-4562-4221-A5A0-04C8DFA20D93}.Compile libsupcs|Any CPU.Build.0 = Release|Any CPU
		{78202881-4562-4221-A5A0-04C8DFA20D93}.Compile libsupcs|x86.ActiveCfg = Release|Any CPU
		{78202881-4562-4221-A5A0-04C8DFA20D93}.Compile libsupcs|x86.Build.0 = Release|Any CPU
		{78202881-4562-4221-A5A0-04C8DFA20D93}.Compile libtysila|Any CPU.ActiveCfg = Release|Any CPU
		{78202881-4562-4221-A5A0-04C8DFA20D93}.Compile libtysila|Any CPU.Build.0 = Release|Any CPU
		{78202881-4562-4221-A5A0-04C8DFA20D93}.Compile libtysila|x86.ActiveCfg = Release|Any CPU
		{78202881-4562-4221-A5A0-04C8DFA20D93}.Compile libtysila|x86.Build.0 = Release|Any CPU
		{78202881-4562-4221-A5A0-04C8DFA20D93}.Debug|Any CPU.ActiveCfg = Debug|Any CPU
		{78202881-4562-4221-A5A0-04C8DFA20D93}.Debug|Any CPU.Build.0 = Debug|Any CPU
		{78202881-4562-4221-A5A0-04C8DFA20D93}.Debug|x86.ActiveCfg = Debug|Any CPU
		{78202881-4562-4221-A5A0-04C8DFA20D93}.Debug|x86.Build.0 = Debug|Any CPU
		{78202881-4562-4221-A5A0-04C8DFA20D93}.Release|Any CPU.ActiveCfg = Release|Any CPU
		{78202881-4562-4221-A5A0-04C8DFA20D93}.Release|Any CPU.Build.0 = Release|Any CPU
		{78202881-4562-4221-A5A0-04C8DFA20D93}.Release|x86.ActiveCfg = Release|Any CPU
		{78202881-4562-4221-A5A0-04C8DFA20D93}.Release|x86.Build.0 = Release|Any CPU
		{C2C862E6-85AB-44BE-B336-873052EAFB7B}.Compile BareBones|Any CPU.ActiveCfg = Release|Any CPU
		{C2C862E6-85AB-44BE-B336-873052EAFB7B}.Compile BareBones|Any CPU.Build.0 = Release|Any CPU
		{C2C862E6-85AB-44BE-B336-873052EAFB7B}.Compile BareBones|x86.ActiveCfg = Release|Any CPU
		{C2C862E6-85AB-44BE-B336-873052EAFB7B}.Compile BareBones|x86.Build.0 = Release|Any CPU
		{C2C862E6-85AB-44BE-B336-873052EAFB7B}.Compile libsupcs|Any CPU.ActiveCfg = Release|Any CPU
		{C2C862E6-85AB-44BE-B336-873052EAFB7B}.Compile libsupcs|Any CPU.Build.0 = Release|Any CPU
		{C2C862E6-85AB-44BE-B336-873052EAFB7B}.Compile libsupcs|x86.ActiveCfg = Release|Any CPU
		{C2C862E6-85AB-44BE-B336-873052EAFB7B}.Compile libsupcs|x86.Build.0 = Release|Any CPU
		{C2C862E6-85AB-44BE-B336-873052EAFB7B}.Compile libtysila|Any CPU.ActiveCfg = Release|Any CPU
		{C2C862E6-85AB-44BE-B336-873052EAFB7B}.Compile libtysila|Any CPU.Build.0 = Release|Any CPU
		{C2C862E6-85AB-44BE-B336-873052EAFB7B}.Compile libtysila|x86.ActiveCfg = Release|Any CPU
		{C2C862E6-85AB-44BE-B336-873052EAFB7B}.Compile libtysila|x86.Build.0 = Release|Any CPU
		{C2C862E6-85AB-44BE-B336-873052EAFB7B}.Debug|Any CPU.ActiveCfg = Debug|Any CPU
		{C2C862E6-85AB-44BE-B336-873052EAFB7B}.Debug|Any CPU.Build.0 = Debug|Any CPU
		{C2C862E6-85AB-44BE-B336-873052EAFB7B}.Debug|x86.ActiveCfg = Debug|Any CPU
		{C2C862E6-85AB-44BE-B336-873052EAFB7B}.Debug|x86.Build.0 = Debug|Any CPU
		{C2C862E6-85AB-44BE-B336-873052EAFB7B}.Release|Any CPU.ActiveCfg = Release|Any CPU
		{C2C862E6-85AB-44BE-B336-873052EAFB7B}.Release|Any CPU.Build.0 = Release|Any CPU
		{C2C862E6-85AB-44BE-B336-873052EAFB7B}.Release|x86.ActiveCfg = Release|Any CPU
		{C2C862E6-85AB-44BE-B336-873052EAFB7B}.Release|x86.Build.0 = Release|Any CPU
		{29D2A95D-9E39-46BA-B711-C9248D916689}.Compile BareBones|Any CPU.ActiveCfg = Release|Any CPU
		{29D2A95D-9E39-46BA-B711-C9248D916689}.Compile BareBones|Any CPU.Build.0 = Release|Any CPU
		{29D2A95D-9E39-46BA-B711-C9248D916689}.Compile BareBones|x86.ActiveCfg = Release|Any CPU
		{29D2A95D-9E39-46BA-B711-C9248D916689}.Compile BareBones|x86.Build.0 = Release|Any CPU
		{29D2A95D-9E39-46BA-B711-C9248D916689}.Compile libsupcs|Any CPU.ActiveCfg = Release|Any CPU
		{29D2A95D-9E39-46BA-B711-C9248D916689}.Compile libsupcs|Any CPU.Build.0 = Release|Any CPU
		{29D2A95D-9E39-46BA-B711-C9248D916689}.Compile libsupcs|x86.ActiveCfg = Release|Any CPU
		{29D2A95D-9E39-46BA-B711-C9248D916689}.Compile libsupcs|x86.Build.0 = Release|Any CPU
		{29D2A95D-9E39-46BA-B711-C9248D916689}.Compile libtysila|Any CPU.ActiveCfg = Release|Any CPU
		{29D2A95D-9E39-46BA-B711-C9248D916689}.Compile libtysila|Any CPU.Build.0 = Release|Any CPU
		{29D2A95D-9E39-46BA-B711-C9248D916689}.Compile libtysila|x86.ActiveCfg = Release|Any CPU
		{29D2A95D-9E39-46BA-B711-C9248D916689}.Compile libtysila|x86.Build.0 = Release|Any CPU
		{29D2A95D-9E39-46BA-B711-C9248D916689}.Debug|Any CPU.ActiveCfg = Debug|Any CPU
		{29D2A95D-9E39-46BA-B711-C9248D916689}.Debug|Any CPU.Build.0 = Debug|Any CPU
		{29D2A95D-9E39-46BA-B711-C9248D916689}.Debug|x86.ActiveCfg = Debug|Any CPU
		{29D2A95D-9E39-46BA-B711-C9248D916689}.Debug|x86.Build.0 = Debug|Any CPU
		{29D2A95D-9E39-46BA-B711-C9248D916689}.Release|Any CPU.ActiveCfg = Release|Any CPU
		{29D2A95D-9E39-46BA-B711-C9248D916689}.Release|Any CPU.Build.0 = Release|Any CPU
		{29D2A95D-9E39-46BA-B711-C9248D916689}.Release|x86.ActiveCfg = Release|Any CPU
		{29D2A95D-9E39-46BA-B711-C9248D916689}.Release|x86.Build.0 = Release|Any CPU
		{F690B7F4-961C-4F4D-82ED-85500A0B7C9C}.Compile BareBones|Any CPU.ActiveCfg = Release|Any CPU
		{F690B7F4-961C-4F4D-82ED-85500A0B7C9C}.Compile BareBones|Any CPU.Build.0 = Release|Any CPU
		{F690B7F4-961C-4F4D-82ED-85500A0B7C9C}.Compile BareBones|x86.ActiveCfg = Release|Any CPU
		{F690B7F4-961C-4F4D-82ED-85500A0B7C9C}.Compile BareBones|x86.Build.0 = Release|Any CPU
		{F690B7F4-961C-4F4D-82ED-85500A0B7C9C}.Compile libsupcs|Any CPU.ActiveCfg = Release|Any CPU
		{F690B7F4-961C-4F4D-82ED-85500A0B7C9C}.Compile libsupcs|Any CPU.Build.0 = Release|Any CPU
		{F690B7F4-961C-4F4D-82ED-85500A0B7C9C}.Compile libsupcs|x86.ActiveCfg = Release|Any CPU
		{F690B7F4-961C-4F4D-82ED-85500A0B7C9C}.Compile libsupcs|x86.Build.0 = Release|Any CPU
		{F690B7F4-961C-4F4D-82ED-85500A0B7C9C}.Compile libtysila|Any CPU.ActiveCfg = Release|Any CPU
		{F690B7F4-961C-4F4D-82ED-85500A0B7C9C}.Compile libtysila|Any CPU.Build.0 = Release|Any CPU
		{F690B7F4-961C-4F4D-82ED-85500A0B7C9C}.Compile libtysila|x86.ActiveCfg = Release|Any CPU
		{F690B7F4-961C-4F4D-82ED-85500A0B7C9C}.Compile libtysila|x86.Build.0 = Release|Any CPU
		{F690B7F4-961C-4F4D-82ED-85500A0B7C9C}.Debug|Any CPU.ActiveCfg = Debug|Any CPU
		{F690B7F4-961C-4F4D-82ED-85500A0B7C9C}.Debug|Any CPU.Build.0 = Debug|Any CPU
		{F690B7F4-961C-4F4D-82ED-85500A0B7C9C}.Debug|x86.ActiveCfg = Debug|Any CPU
		{F690B7F4-961C-4F4D-82ED-85500A0B7C9C}.Debug|x86.Build.0 = Debug|Any CPU
		{F690B7F4-961C-4F4D-82ED-85500A0B7C9C}.Release|Any CPU.ActiveCfg = Release|Any CPU
		{F690B7F4-961C-4F4D-82ED-85500A0B7C9C}.Release|Any CPU.Build.0 = Release|Any CPU
		{F690B7F4-961C-4F4D-82ED-85500A0B7C9C}.Release|x86.ActiveCfg = Release|Any CPU
		{F690B7F4-961C-4F4D-82ED-85500A0B7C9C}.Release|x86.Build.0 = Release|Any CPU
		{47EAD363-6C7F-48A4-B119-357740437369}.Compile BareBones|Any CPU.ActiveCfg = Debug|Any CPU
		{47EAD363-6C7F-48A4-B119-357740437369}.Compile BareBones|Any CPU.Build.0 = Debug|Any CPU
		{47EAD363-6C7F-48A4-B119-357740437369}.Compile BareBones|x86.ActiveCfg = Debug|Any CPU
		{47EAD363-6C7F-48A4-B119-357740437369}.Compile BareBones|x86.Build.0 = Debug|Any CPU
		{47EAD363-6C7F-48A4-B119-357740437369}.Compile libsupcs|Any CPU.ActiveCfg = Debug|Any CPU
		{47EAD363-6C7F-48A4-B119-357740437369}.Compile libsupcs|Any CPU.Build.0 = Debug|Any CPU
		{47EAD363-6C7F-48A4-B119-357740437369}.Compile libsupcs|x86.ActiveCfg = Debug|Any CPU
		{47EAD363-6C7F-48A4-B119-357740437369}.Compile libsupcs|x86.Build.0 = Debug|Any CPU
		{47EAD363-6C7F-48A4-B119-357740437369}.Compile libtysila|Any CPU.ActiveCfg = Debug|Any CPU
		{47EAD363-6C7F-48A4-B119-357740437369}.Compile libtysila|Any CPU.Build.0 = Debug|Any CPU
		{47EAD363-6C7F-48A4-B119-357740437369}.Compile libtysila|x86.ActiveCfg = Debug|Any CPU
		{47EAD363-6C7F-48A4-B119-357740437369}.Compile libtysila|x86.Build.0 = Debug|Any CPU
		{47EAD363-6C7F-48A4-B119-357740437369}.Debug|Any CPU.ActiveCfg = Debug|Any CPU
		{47EAD363-6C7F-48A4-B119-357740437369}.Debug|Any CPU.Build.0 = Debug|Any CPU
		{47EAD363-6C7F-48A4-B119-357740437369}.Debug|x86.ActiveCfg = Debug|Any CPU
		{47EAD363-6C7F-48A4-B119-357740437369}.Debug|x86.Build.0 = Debug|Any CPU
		{47EAD363-6C7F-48A4-B119-357740437369}.Release|Any CPU.ActiveCfg = Release|Any CPU
		{47EAD363-6C7F-48A4-B119-357740437369}.Release|Any CPU.Build.0 = Release|Any CPU
		{47EAD363-6C7F-48A4-B119-357740437369}.Release|x86.ActiveCfg = Release|Any CPU
		{47EAD363-6C7F-48A4-B119-357740437369}.Release|x86.Build.0 = Release|Any CPU
		{AE2CD66A-12AC-4991-A3CA-B5FC7BB5AF28}.Compile BareBones|Any CPU.ActiveCfg = Debug|Any CPU
		{AE2CD66A-12AC-4991-A3CA-B5FC7BB5AF28}.Compile BareBones|Any CPU.Build.0 = Debug|Any CPU
		{AE2CD66A-12AC-4991-A3CA-B5FC7BB5AF28}.Compile BareBones|x86.ActiveCfg = Debug|Any CPU
		{AE2CD66A-12AC-4991-A3CA-B5FC7BB5AF28}.Compile BareBones|x86.Build.0 = Debug|Any CPU
		{AE2CD66A-12AC-4991-A3CA-B5FC7BB5AF28}.Compile libsupcs|Any CPU.ActiveCfg = Debug|Any CPU
		{AE2CD66A-12AC-4991-A3CA-B5FC7BB5AF28}.Compile libsupcs|Any CPU.Build.0 = Debug|Any CPU
		{AE2CD66A-12AC-4991-A3CA-B5FC7BB5AF28}.Compile libsupcs|x86.ActiveCfg = Debug|Any CPU
		{AE2CD66A-12AC-4991-A3CA-B5FC7BB5AF28}.Compile libsupcs|x86.Build.0 = Debug|Any CPU
		{AE2CD66A-12AC-4991-A3CA-B5FC7BB5AF28}.Compile libtysila|Any CPU.ActiveCfg = Debug|Any CPU
		{AE2CD66A-12AC-4991-A3CA-B5FC7BB5AF28}.Compile libtysila|Any CPU.Build.0 = Debug|Any CPU
		{AE2CD66A-12AC-4991-A3CA-B5FC7BB5AF28}.Compile libtysila|x86.ActiveCfg = Debug|Any CPU
		{AE2CD66A-12AC-4991-A3CA-B5FC7BB5AF28}.Compile libtysila|x86.Build.0 = Debug|Any CPU
		{AE2CD66A-12AC-4991-A3CA-B5FC7BB5AF28}.Debug|Any CPU.ActiveCfg = Debug|Any CPU
		{AE2CD66A-12AC-4991-A3CA-B5FC7BB5AF28}.Debug|Any CPU.Build.0 = Debug|Any CPU
		{AE2CD66A-12AC-4991-A3CA-B5FC7BB5AF28}.Debug|x86.ActiveCfg = Debug|Any CPU
		{AE2CD66A-12AC-4991-A3CA-B5FC7BB5AF28}.Debug|x86.Build.0 = Debug|Any CPU
		{AE2CD66A-12AC-4991-A3CA-B5FC7BB5AF28}.Release|Any CPU.ActiveCfg = Release|Any CPU
		{AE2CD66A-12AC-4991-A3CA-B5FC7BB5AF28}.Release|Any CPU.Build.0 = Release|Any CPU
		{AE2CD66A-12AC-4991-A3CA-B5FC7BB5AF28}.Release|x86.ActiveCfg = Release|Any CPU
		{AE2CD66A-12AC-4991-A3CA-B5FC7BB5AF28}.Release|x86.Build.0 = Release|Any CPU
		{97AD573F-2E77-4F43-9C2B-1050796471A9}.Compile BareBones|Any CPU.ActiveCfg = Debug|Any CPU
		{97AD573F-2E77-4F43-9C2B-1050796471A9}.Compile BareBones|Any CPU.Build.0 = Debug|Any CPU
		{97AD573F-2E77-4F43-9C2B-1050796471A9}.Compile BareBones|x86.ActiveCfg = Debug|Any CPU
		{97AD573F-2E77-4F43-9C2B-1050796471A9}.Compile BareBones|x86.Build.0 = Debug|Any CPU
		{97AD573F-2E77-4F43-9C2B-1050796471A9}.Compile libsupcs|Any CPU.ActiveCfg = Debug|Any CPU
		{97AD573F-2E77-4F43-9C2B-1050796471A9}.Compile libsupcs|Any CPU.Build.0 = Debug|Any CPU
		{97AD573F-2E77-4F43-9C2B-1050796471A9}.Compile libsupcs|x86.ActiveCfg = Debug|Any CPU
		{97AD573F-2E77-4F43-9C2B-1050796471A9}.Compile libsupcs|x86.Build.0 = Debug|Any CPU
		{97AD573F-2E77-4F43-9C2B-1050796471A9}.Compile libtysila|Any CPU.ActiveCfg = Debug|Any CPU
		{97AD573F-2E77-4F43-9C2B-1050796471A9}.Compile libtysila|Any CPU.Build.0 = Debug|Any CPU
		{97AD573F-2E77-4F43-9C2B-1050796471A9}.Compile libtysila|x86.ActiveCfg = Debug|Any CPU
		{97AD573F-2E77-4F43-9C2B-1050796471A9}.Compile libtysila|x86.Build.0 = Debug|Any CPU
		{97AD573F-2E77-4F43-9C2B-1050796471A9}.Debug|Any CPU.ActiveCfg = Debug|Any CPU
		{97AD573F-2E77-4F43-9C2B-1050796471A9}.Debug|Any CPU.Build.0 = Debug|Any CPU
		{97AD573F-2E77-4F43-9C2B-1050796471A9}.Debug|x86.ActiveCfg = Debug|Any CPU
		{97AD573F-2E77-4F43-9C2B-1050796471A9}.Debug|x86.Build.0 = Debug|Any CPU
		{97AD573F-2E77-4F43-9C2B-1050796471A9}.Release|Any CPU.ActiveCfg = Release|Any CPU
		{97AD573F-2E77-4F43-9C2B-1050796471A9}.Release|Any CPU.Build.0 = Release|Any CPU
		{97AD573F-2E77-4F43-9C2B-1050796471A9}.Release|x86.ActiveCfg = Release|Any CPU
		{97AD573F-2E77-4F43-9C2B-1050796471A9}.Release|x86.Build.0 = Release|Any CPU
	EndGlobalSection
	GlobalSection(SolutionProperties) = preSolution
		HideSolutionNode = FALSE
	EndGlobalSection
	GlobalSection(NestedProjects) = preSolution
		{38300940-B37E-4FA5-ACD7-1AA191A9E629} = {E4A55D97-10FA-4DBB-8AD2-13838EAB49FE}
		{6BF25313-6A5C-4B26-A3C1-AFFC6B498992} = {E4A55D97-10FA-4DBB-8AD2-13838EAB49FE}
		{6F2EA8EA-6505-4825-8155-573C2C621EAA} = {38300940-B37E-4FA5-ACD7-1AA191A9E629}
		{330493D1-054B-44BE-AADA-4236290D4FBF} = {38300940-B37E-4FA5-ACD7-1AA191A9E629}
		{5D1F5B8D-CADE-4579-8C85-D1E866811684} = {38300940-B37E-4FA5-ACD7-1AA191A9E629}
		{F2908F7F-6573-4F06-80EE-3D932AE6DD23} = {38300940-B37E-4FA5-ACD7-1AA191A9E629}
		{397B00E7-CF29-40A0-904A-20AF5E6C9599} = {38300940-B37E-4FA5-ACD7-1AA191A9E629}
		{A7860799-7290-48CE-B16E-93820BB2640C} = {38300940-B37E-4FA5-ACD7-1AA191A9E629}
		{4C1B5997-125E-49B7-9AE3-55D9D012901B} = {38300940-B37E-4FA5-ACD7-1AA191A9E629}
		{C0E11AA3-7AC2-4126-88A6-B8118E920E59} = {38300940-B37E-4FA5-ACD7-1AA191A9E629}
		{78202881-4562-4221-A5A0-04C8DFA20D93} = {38300940-B37E-4FA5-ACD7-1AA191A9E629}
		{C2C862E6-85AB-44BE-B336-873052EAFB7B} = {6BF25313-6A5C-4B26-A3C1-AFFC6B498992}
		{29D2A95D-9E39-46BA-B711-C9248D916689} = {6BF25313-6A5C-4B26-A3C1-AFFC6B498992}
		{F690B7F4-961C-4F4D-82ED-85500A0B7C9C} = {6BF25313-6A5C-4B26-A3C1-AFFC6B498992}
		{47EAD363-6C7F-48A4-B119-357740437369} = {6BF25313-6A5C-4B26-A3C1-AFFC6B498992}
	EndGlobalSection
	GlobalSection(ExtensibilityGlobals) = postSolution
		SolutionGuid = {8BB54D00-9424-4590-8A33-4A3CE220817B}
	EndGlobalSection
EndGlobal
