
Microsoft Visual Studio Solution File, Format Version 11.00
# Visual C# Express 2010
Project("{FAE04EC0-301F-11D3-BF4B-00C04F79EFBC}") = "CMExplorer", "CMExplorer\CMExplorer.csproj", "{5CB72B0E-9B33-4591-97FB-1E9A4C367C25}"
EndProject
Project("{FAE04EC0-301F-11D3-BF4B-00C04F79EFBC}") = "CMExpLib", "CMExpLib\CMExpLib.csproj", "{496B067A-11C7-4D3F-BB7E-9388D10BF921}"
EndProject
Project("{FAE04EC0-301F-11D3-BF4B-00C04F79EFBC}") = "WCMExplorer", "WCMExplorer\WCMExplorer.csproj", "{03303CC9-92C7-4C8C-AE8C-11E30B1830F0}"
EndProject
Global
	GlobalSection(SolutionConfigurationPlatforms) = preSolution
		Debug|Any CPU = Debug|Any CPU
		Debug|Mixed Platforms = Debug|Mixed Platforms
		Debug|x86 = Debug|x86
		Release|Any CPU = Release|Any CPU
		Release|Mixed Platforms = Release|Mixed Platforms
		Release|x86 = Release|x86
	EndGlobalSection
	GlobalSection(ProjectConfigurationPlatforms) = postSolution
		{5CB72B0E-9B33-4591-97FB-1E9A4C367C25}.Debug|Any CPU.ActiveCfg = Debug|x86
		{5CB72B0E-9B33-4591-97FB-1E9A4C367C25}.Debug|Mixed Platforms.ActiveCfg = Debug|x86
		{5CB72B0E-9B33-4591-97FB-1E9A4C367C25}.Debug|Mixed Platforms.Build.0 = Debug|x86
		{5CB72B0E-9B33-4591-97FB-1E9A4C367C25}.Debug|x86.ActiveCfg = Debug|x86
		{5CB72B0E-9B33-4591-97FB-1E9A4C367C25}.Debug|x86.Build.0 = Debug|x86
		{5CB72B0E-9B33-4591-97FB-1E9A4C367C25}.Release|Any CPU.ActiveCfg = Release|x86
		{5CB72B0E-9B33-4591-97FB-1E9A4C367C25}.Release|Mixed Platforms.ActiveCfg = Release|x86
		{5CB72B0E-9B33-4591-97FB-1E9A4C367C25}.Release|Mixed Platforms.Build.0 = Release|x86
		{5CB72B0E-9B33-4591-97FB-1E9A4C367C25}.Release|x86.ActiveCfg = Release|x86
		{5CB72B0E-9B33-4591-97FB-1E9A4C367C25}.Release|x86.Build.0 = Release|x86
		{496B067A-11C7-4D3F-BB7E-9388D10BF921}.Debug|Any CPU.ActiveCfg = Debug|Any CPU
		{496B067A-11C7-4D3F-BB7E-9388D10BF921}.Debug|Any CPU.Build.0 = Debug|Any CPU
		{496B067A-11C7-4D3F-BB7E-9388D10BF921}.Debug|Mixed Platforms.ActiveCfg = Debug|Any CPU
		{496B067A-11C7-4D3F-BB7E-9388D10BF921}.Debug|Mixed Platforms.Build.0 = Debug|Any CPU
		{496B067A-11C7-4D3F-BB7E-9388D10BF921}.Debug|x86.ActiveCfg = Debug|Any CPU
		{496B067A-11C7-4D3F-BB7E-9388D10BF921}.Release|Any CPU.ActiveCfg = Release|Any CPU
		{496B067A-11C7-4D3F-BB7E-9388D10BF921}.Release|Any CPU.Build.0 = Release|Any CPU
		{496B067A-11C7-4D3F-BB7E-9388D10BF921}.Release|Mixed Platforms.ActiveCfg = Release|Any CPU
		{496B067A-11C7-4D3F-BB7E-9388D10BF921}.Release|Mixed Platforms.Build.0 = Release|Any CPU
		{496B067A-11C7-4D3F-BB7E-9388D10BF921}.Release|x86.ActiveCfg = Release|Any CPU
		{03303CC9-92C7-4C8C-AE8C-11E30B1830F0}.Debug|Any CPU.ActiveCfg = Debug|x86
		{03303CC9-92C7-4C8C-AE8C-11E30B1830F0}.Debug|Mixed Platforms.ActiveCfg = Debug|x86
		{03303CC9-92C7-4C8C-AE8C-11E30B1830F0}.Debug|Mixed Platforms.Build.0 = Debug|x86
		{03303CC9-92C7-4C8C-AE8C-11E30B1830F0}.Debug|x86.ActiveCfg = Debug|x86
		{03303CC9-92C7-4C8C-AE8C-11E30B1830F0}.Debug|x86.Build.0 = Debug|x86
		{03303CC9-92C7-4C8C-AE8C-11E30B1830F0}.Release|Any CPU.ActiveCfg = Release|x86
		{03303CC9-92C7-4C8C-AE8C-11E30B1830F0}.Release|Mixed Platforms.ActiveCfg = Release|x86
		{03303CC9-92C7-4C8C-AE8C-11E30B1830F0}.Release|Mixed Platforms.Build.0 = Release|x86
		{03303CC9-92C7-4C8C-AE8C-11E30B1830F0}.Release|x86.ActiveCfg = Release|x86
		{03303CC9-92C7-4C8C-AE8C-11E30B1830F0}.Release|x86.Build.0 = Release|x86
	EndGlobalSection
	GlobalSection(SolutionProperties) = preSolution
		HideSolutionNode = FALSE
	EndGlobalSection
EndGlobal
