
Microsoft Visual Studio Solution File, Format Version 12.00
# Visual Studio Express 2012 for Windows Desktop
Project("{FAE04EC0-301F-11D3-BF4B-00C04F79EFBC}") = "unicode_support", "unicode_support.csproj", "{645FF24C-C7BD-4782-947B-2628BB3CB8DF}"
EndProject
Project("{FAE04EC0-301F-11D3-BF4B-00C04F79EFBC}") = "char-conversions", "char-conversions\char-conversions.csproj", "{F68B214F-CC55-4C73-9A5E-721588F6DB4D}"
EndProject
Global
	GlobalSection(SolutionConfigurationPlatforms) = preSolution
		Debug|Any CPU = Debug|Any CPU
		Debug|Mixed Platforms = Debug|Mixed Platforms
		Debug|x86 = Debug|x86
		Release|Any CPU = Release|Any CPU
		Release|Mixed Platforms = Release|Mixed Platforms
		Release|x86 = Release|x86
	EndGlobalSection
	GlobalSection(ProjectConfigurationPlatforms) = postSolution
		{645FF24C-C7BD-4782-947B-2628BB3CB8DF}.Debug|Any CPU.ActiveCfg = Debug|x86
		{645FF24C-C7BD-4782-947B-2628BB3CB8DF}.Debug|Mixed Platforms.ActiveCfg = Debug|x86
		{645FF24C-C7BD-4782-947B-2628BB3CB8DF}.Debug|Mixed Platforms.Build.0 = Debug|x86
		{645FF24C-C7BD-4782-947B-2628BB3CB8DF}.Debug|x86.ActiveCfg = Debug|x86
		{645FF24C-C7BD-4782-947B-2628BB3CB8DF}.Debug|x86.Build.0 = Debug|x86
		{645FF24C-C7BD-4782-947B-2628BB3CB8DF}.Release|Any CPU.ActiveCfg = Release|x86
		{645FF24C-C7BD-4782-947B-2628BB3CB8DF}.Release|Mixed Platforms.ActiveCfg = Release|x86
		{645FF24C-C7BD-4782-947B-2628BB3CB8DF}.Release|Mixed Platforms.Build.0 = Release|x86
		{645FF24C-C7BD-4782-947B-2628BB3CB8DF}.Release|x86.ActiveCfg = Release|x86
		{645FF24C-C7BD-4782-947B-2628BB3CB8DF}.Release|x86.Build.0 = Release|x86
		{F68B214F-CC55-4C73-9A5E-721588F6DB4D}.Debug|Any CPU.ActiveCfg = Debug|Any CPU
		{F68B214F-CC55-4C73-9A5E-721588F6DB4D}.Debug|Any CPU.Build.0 = Debug|Any CPU
		{F68B214F-CC55-4C73-9A5E-721588F6DB4D}.Debug|Mixed Platforms.ActiveCfg = Debug|Any CPU
		{F68B214F-CC55-4C73-9A5E-721588F6DB4D}.Debug|Mixed Platforms.Build.0 = Debug|Any CPU
		{F68B214F-CC55-4C73-9A5E-721588F6DB4D}.Debug|x86.ActiveCfg = Debug|Any CPU
		{F68B214F-CC55-4C73-9A5E-721588F6DB4D}.Release|Any CPU.ActiveCfg = Release|Any CPU
		{F68B214F-CC55-4C73-9A5E-721588F6DB4D}.Release|Any CPU.Build.0 = Release|Any CPU
		{F68B214F-CC55-4C73-9A5E-721588F6DB4D}.Release|Mixed Platforms.ActiveCfg = Release|Any CPU
		{F68B214F-CC55-4C73-9A5E-721588F6DB4D}.Release|Mixed Platforms.Build.0 = Release|Any CPU
		{F68B214F-CC55-4C73-9A5E-721588F6DB4D}.Release|x86.ActiveCfg = Release|Any CPU
	EndGlobalSection
	GlobalSection(SolutionProperties) = preSolution
		HideSolutionNode = FALSE
	EndGlobalSection
EndGlobal
